{
    "name": "@creative-tim-official/argon-dashboard-pro",
    "version": "1.1.0",
    "lockfileVersion": 1,
    "requires": true,
    "dependencies": {
        "photoswipe": {
            "version": "5.2.7",
            "resolved": "https://registry.npmjs.org/photoswipe/-/photoswipe-5.2.7.tgz",
            "integrity": "sha512-AogMba7W/O5gOtDIZ8cQuou1ltwxlaLNoZY1qi1s+kbYXpZk9D6rXxnNGAfDppl+bfe+sKLW2w2sx+3uQ8oPzg=="
        },
        "sweetalert2": {
            "version": "7.33.1",
            "resolved": "https://registry.npmjs.org/sweetalert2/-/sweetalert2-7.33.1.tgz",
            "integrity": "sha512-69KYtyhtxejFG0HDb8aVhAwbpAWPSTZwaL5vxDHgojErD2KeFxTmRgmkbiLtMC8UdTFXRmvTPtZTF4459MUb7w=="
        }
    }
}
